
Microsoft Visual Studio Solution File, Format Version 12.00
# Visual Studio 16
Project("{FAE04EC0-301F-11D3-BF4B-00C04F79EFBC}") = "Assembly-CSharp", "Assembly-CSharp.csproj", "{A9F68277-7751-3620-936D-D3F257388141}"
EndProject
Project("{FAE04EC0-301F-11D3-BF4B-00C04F79EFBC}") = "Assembly-CSharp-Editor-firstpass", "Assembly-CSharp-Editor-firstpass.csproj", "{A3D48380-D359-83C8-7BBE-2FA7D7D41979}"
EndProject
Global
	GlobalSection(SolutionConfigurationPlatforms) = preSolution
		Debug|Any CPU = Debug|Any CPU
		Release|Any CPU = Release|Any CPU
	EndGlobalSection
	GlobalSection(ProjectConfigurationPlatforms) = postSolution
		{A9F68277-7751-3620-936D-D3F257388141}.Debug|Any CPU.ActiveCfg = Debug|Any CPU
		{A9F68277-7751-3620-936D-D3F257388141}.Debug|Any CPU.Build.0 = Debug|Any CPU
		{A9F68277-7751-3620-936D-D3F257388141}.Release|Any CPU.ActiveCfg = Release|Any CPU
		{A9F68277-7751-3620-936D-D3F257388141}.Release|Any CPU.Build.0 = Release|Any CPU
		{A3D48380-D359-83C8-7BBE-2FA7D7D41979}.Debug|Any CPU.ActiveCfg = Debug|Any CPU
		{A3D48380-D359-83C8-7BBE-2FA7D7D41979}.Debug|Any CPU.Build.0 = Debug|Any CPU
		{A3D48380-D359-83C8-7BBE-2FA7D7D41979}.Release|Any CPU.ActiveCfg = Release|Any CPU
		{A3D48380-D359-83C8-7BBE-2FA7D7D41979}.Release|Any CPU.Build.0 = Release|Any CPU
	EndGlobalSection
	GlobalSection(SolutionProperties) = preSolution
		HideSolutionNode = FALSE
	EndGlobalSection
EndGlobal
